
Microsoft Visual Studio Solution File, Format Version 12.00
# Visual Studio Version 17
VisualStudioVersion = 17.14.36811.4 d17.14
MinimumVisualStudioVersion = 10.0.40219.1
Project("{FAE04EC0-301F-11D3-BF4B-00C04F79EFBC}") = "University.Core", "University.Core\University.Core.csproj", "{CE86A9A7-F71C-41FE-93CE-625767880422}"
EndProject
Project("{FAE04EC0-301F-11D3-BF4B-00C04F79EFBC}") = "University.Data", "University.Data\University.Data.csproj", "{91B31BBB-808A-4BC0-BB59-0FE3690E4CC4}"
EndProject
Project("{FAE04EC0-301F-11D3-BF4B-00C04F79EFBC}") = "University.API", "University.API\University.API.csproj", "{118E09A7-EF5F-4BAD-ABA9-E92F54C6B605}"
EndProject
Global
	GlobalSection(SolutionConfigurationPlatforms) = preSolution
		Debug|Any CPU = Debug|Any CPU
		Release|Any CPU = Release|Any CPU
	EndGlobalSection
	GlobalSection(ProjectConfigurationPlatforms) = postSolution
		{CE86A9A7-F71C-41FE-93CE-625767880422}.Debug|Any CPU.ActiveCfg = Debug|Any CPU
		{CE86A9A7-F71C-41FE-93CE-625767880422}.Debug|Any CPU.Build.0 = Debug|Any CPU
		{CE86A9A7-F71C-41FE-93CE-625767880422}.Release|Any CPU.ActiveCfg = Release|Any CPU
		{CE86A9A7-F71C-41FE-93CE-625767880422}.Release|Any CPU.Build.0 = Release|Any CPU
		{91B31BBB-808A-4BC0-BB59-0FE3690E4CC4}.Debug|Any CPU.ActiveCfg = Debug|Any CPU
		{91B31BBB-808A-4BC0-BB59-0FE3690E4CC4}.Debug|Any CPU.Build.0 = Debug|Any CPU
		{91B31BBB-808A-4BC0-BB59-0FE3690E4CC4}.Release|Any CPU.ActiveCfg = Release|Any CPU
		{91B31BBB-808A-4BC0-BB59-0FE3690E4CC4}.Release|Any CPU.Build.0 = Release|Any CPU
		{118E09A7-EF5F-4BAD-ABA9-E92F54C6B605}.Debug|Any CPU.ActiveCfg = Debug|Any CPU
		{118E09A7-EF5F-4BAD-ABA9-E92F54C6B605}.Debug|Any CPU.Build.0 = Debug|Any CPU
		{118E09A7-EF5F-4BAD-ABA9-E92F54C6B605}.Release|Any CPU.ActiveCfg = Release|Any CPU
		{118E09A7-EF5F-4BAD-ABA9-E92F54C6B605}.Release|Any CPU.Build.0 = Release|Any CPU
	EndGlobalSection
	GlobalSection(SolutionProperties) = preSolution
		HideSolutionNode = FALSE
	EndGlobalSection
	GlobalSection(ExtensibilityGlobals) = postSolution
		SolutionGuid = {9CDE349B-73B8-4D18-B4E1-D031E8D219BB}
	EndGlobalSection
EndGlobal
